
Microsoft Visual Studio Solution File, Format Version 12.00
# Visual Studio Version 17
VisualStudioVersion = 17.4.33213.308
MinimumVisualStudioVersion = 10.0.40219.1
Project("{FAE04EC0-301F-11D3-BF4B-00C04F79EFBC}") = "Calculadora", "Calculadora\Calculadora.csproj", "{966ADD3C-1A25-4AC5-A397-7DA1D8A1E970}"
EndProject
Project("{FAE04EC0-301F-11D3-BF4B-00C04F79EFBC}") = "ImpressaoDeDados", "ImpressaoDeDados\ImpressaoDeDados.csproj", "{4593B439-265A-4D9F-B290-5331BB416B58}"
EndProject
Project("{FAE04EC0-301F-11D3-BF4B-00C04F79EFBC}") = "HerancaDeClasses", "HerancaDeClasses\HerancaDeClasses.csproj", "{ACC4A8C7-59F5-4FE9-A1E9-CD22C48C03AD}"
EndProject
Global
	GlobalSection(SolutionConfigurationPlatforms) = preSolution
		Debug|Any CPU = Debug|Any CPU
		Release|Any CPU = Release|Any CPU
	EndGlobalSection
	GlobalSection(ProjectConfigurationPlatforms) = postSolution
		{966ADD3C-1A25-4AC5-A397-7DA1D8A1E970}.Debug|Any CPU.ActiveCfg = Debug|Any CPU
		{966ADD3C-1A25-4AC5-A397-7DA1D8A1E970}.Debug|Any CPU.Build.0 = Debug|Any CPU
		{966ADD3C-1A25-4AC5-A397-7DA1D8A1E970}.Release|Any CPU.ActiveCfg = Release|Any CPU
		{966ADD3C-1A25-4AC5-A397-7DA1D8A1E970}.Release|Any CPU.Build.0 = Release|Any CPU
		{4593B439-265A-4D9F-B290-5331BB416B58}.Debug|Any CPU.ActiveCfg = Debug|Any CPU
		{4593B439-265A-4D9F-B290-5331BB416B58}.Debug|Any CPU.Build.0 = Debug|Any CPU
		{4593B439-265A-4D9F-B290-5331BB416B58}.Release|Any CPU.ActiveCfg = Release|Any CPU
		{4593B439-265A-4D9F-B290-5331BB416B58}.Release|Any CPU.Build.0 = Release|Any CPU
		{ACC4A8C7-59F5-4FE9-A1E9-CD22C48C03AD}.Debug|Any CPU.ActiveCfg = Debug|Any CPU
		{ACC4A8C7-59F5-4FE9-A1E9-CD22C48C03AD}.Debug|Any CPU.Build.0 = Debug|Any CPU
		{ACC4A8C7-59F5-4FE9-A1E9-CD22C48C03AD}.Release|Any CPU.ActiveCfg = Release|Any CPU
		{ACC4A8C7-59F5-4FE9-A1E9-CD22C48C03AD}.Release|Any CPU.Build.0 = Release|Any CPU
	EndGlobalSection
	GlobalSection(SolutionProperties) = preSolution
		HideSolutionNode = FALSE
	EndGlobalSection
	GlobalSection(ExtensibilityGlobals) = postSolution
		SolutionGuid = {9D230E3E-F987-4EDA-87EC-595747CC2DE4}
	EndGlobalSection
EndGlobal
